<?xml version="1.0" encoding="utf-8"?>
<Project ToolsVersion="4.0" xmlns="http://schemas.microsoft.com/developer/msbuild/2003">
  <ItemGroup>
    <Filter Include="win32">
      <UniqueIdentifier>{84a8ebd7-7cf0-47f6-b75e-d441df67da40}</UniqueIdentifier>
    </Filter>
    <Filter Include="resource">
      <UniqueIdentifier>{715254bc-d70b-4ec5-bf29-467dd3ace079}</UniqueIdentifier>
    </Filter>
    <Filter Include="src">
      <UniqueIdentifier>{bb6c862e-70e9-49d9-81b7-3829a6f50471}</UniqueIdentifier>
    </Filter>
    <Filter Include="src\Sounds">
      <UniqueIdentifier>{e0e2601d-5ec2-434b-bcad-dabb7f5b6610}</UniqueIdentifier>
    </Filter>
    <Filter Include="src\Views">
      <UniqueIdentifier>{f4469d88-df71-4085-a997-89578ddfb66f}</UniqueIdentifier>
    </Filter>
    <Filter Include="src\Bases">
      <UniqueIdentifier>{65488d04-d22b-43a0-b418-214671961d89}</UniqueIdentifier>
    </Filter>
    <Filter Include="src\Models">
      <UniqueIdentifier>{cc393085-54bb-4bcf-b3b8-d25b320dfd67}</UniqueIdentifier>
    </Filter>
  </ItemGroup>
  <ItemGroup>
    <ClCompile Include="main.cpp">
      <Filter>win32</Filter>
    </ClCompile>
    <ClCompile Include="..\Classes\CustomSound.cpp">
      <Filter>src\Sounds</Filter>
    </ClCompile>
    <ClCompile Include="..\Classes\AppDelegate.cpp">
      <Filter>src\Views</Filter>
    </ClCompile>
    <ClCompile Include="..\Classes\Game.cpp">
      <Filter>src\Views</Filter>
    </ClCompile>
    <ClCompile Include="..\Classes\GameCommon.cpp">
      <Filter>src\Bases</Filter>
    </ClCompile>
    <ClCompile Include="..\Classes\CRoad.cpp">
      <Filter>src\Models</Filter>
    </ClCompile>
  </ItemGroup>
  <ItemGroup>
    <ClInclude Include="main.h">
      <Filter>win32</Filter>
    </ClInclude>
    <ClInclude Include="..\Classes\CustomSound.h">
      <Filter>src\Sounds</Filter>
    </ClInclude>
    <ClInclude Include="..\Classes\AppDelegate.h">
      <Filter>src\Views</Filter>
    </ClInclude>
    <ClInclude Include="..\Classes\Game.h">
      <Filter>src\Views</Filter>
    </ClInclude>
    <ClInclude Include="..\Classes\Definitions.h">
      <Filter>src\Bases</Filter>
    </ClInclude>
    <ClInclude Include="..\Classes\GameCommon.h">
      <Filter>src\Bases</Filter>
    </ClInclude>
    <ClInclude Include="..\Classes\CRoad.h">
      <Filter>src\Models</Filter>
    </ClInclude>
  </ItemGroup>
  <ItemGroup>
    <Image Include="res\dino.ico">
      <Filter>resource</Filter>
    </Image>
  </ItemGroup>
</Project>